
Microsoft Visual Studio Solution File, Format Version 12.00
# Visual Studio 15
Project("{FAE04EC0-301F-11D3-BF4B-00C04F79EFBC}") = "Assembly-CSharp", "Assembly-CSharp.csproj", "{2521FAE9-BC97-7285-A90A-8B3699909370}"
EndProject
Project("{FAE04EC0-301F-11D3-BF4B-00C04F79EFBC}") = "Assembly-CSharp-Editor", "Assembly-CSharp-Editor.csproj", "{63DD7894-A96B-24C8-310F-987DA2FA4EF3}"
EndProject
Global
	GlobalSection(SolutionConfigurationPlatforms) = preSolution
		Debug|Any CPU = Debug|Any CPU
		Release|Any CPU = Release|Any CPU
	EndGlobalSection
	GlobalSection(ProjectConfigurationPlatforms) = postSolution
		{2521FAE9-BC97-7285-A90A-8B3699909370}.Debug|Any CPU.ActiveCfg = Debug|Any CPU
		{2521FAE9-BC97-7285-A90A-8B3699909370}.Debug|Any CPU.Build.0 = Debug|Any CPU
		{2521FAE9-BC97-7285-A90A-8B3699909370}.Release|Any CPU.ActiveCfg = Release|Any CPU
		{2521FAE9-BC97-7285-A90A-8B3699909370}.Release|Any CPU.Build.0 = Release|Any CPU
		{63DD7894-A96B-24C8-310F-987DA2FA4EF3}.Debug|Any CPU.ActiveCfg = Debug|Any CPU
		{63DD7894-A96B-24C8-310F-987DA2FA4EF3}.Debug|Any CPU.Build.0 = Debug|Any CPU
		{63DD7894-A96B-24C8-310F-987DA2FA4EF3}.Release|Any CPU.ActiveCfg = Release|Any CPU
		{63DD7894-A96B-24C8-310F-987DA2FA4EF3}.Release|Any CPU.Build.0 = Release|Any CPU
	EndGlobalSection
	GlobalSection(SolutionProperties) = preSolution
		HideSolutionNode = FALSE
	EndGlobalSection
EndGlobal
