
Microsoft Visual Studio Solution File, Format Version 12.00
# Visual Studio 15
Project("{FAE04EC0-301F-11D3-BF4B-00C04F79EFBC}") = "Assembly-CSharp", "Assembly-CSharp.csproj", "{15C0E255-1EB8-C74B-CD33-FF268D6A7F3E}"
EndProject
Project("{FAE04EC0-301F-11D3-BF4B-00C04F79EFBC}") = "Assembly-CSharp-firstpass", "Assembly-CSharp-firstpass.csproj", "{C9943CEA-AB5A-5658-3C7A-AA1B83527AEF}"
EndProject
Project("{FAE04EC0-301F-11D3-BF4B-00C04F79EFBC}") = "Assembly-CSharp-Editor", "Assembly-CSharp-Editor.csproj", "{50B76E0E-B071-6E55-3147-FA000322F823}"
EndProject
Global
	GlobalSection(SolutionConfigurationPlatforms) = preSolution
		Debug|Any CPU = Debug|Any CPU
		Release|Any CPU = Release|Any CPU
	EndGlobalSection
	GlobalSection(ProjectConfigurationPlatforms) = postSolution
		{15C0E255-1EB8-C74B-CD33-FF268D6A7F3E}.Debug|Any CPU.ActiveCfg = Debug|Any CPU
		{15C0E255-1EB8-C74B-CD33-FF268D6A7F3E}.Debug|Any CPU.Build.0 = Debug|Any CPU
		{15C0E255-1EB8-C74B-CD33-FF268D6A7F3E}.Release|Any CPU.ActiveCfg = Release|Any CPU
		{15C0E255-1EB8-C74B-CD33-FF268D6A7F3E}.Release|Any CPU.Build.0 = Release|Any CPU
		{C9943CEA-AB5A-5658-3C7A-AA1B83527AEF}.Debug|Any CPU.ActiveCfg = Debug|Any CPU
		{C9943CEA-AB5A-5658-3C7A-AA1B83527AEF}.Debug|Any CPU.Build.0 = Debug|Any CPU
		{C9943CEA-AB5A-5658-3C7A-AA1B83527AEF}.Release|Any CPU.ActiveCfg = Release|Any CPU
		{C9943CEA-AB5A-5658-3C7A-AA1B83527AEF}.Release|Any CPU.Build.0 = Release|Any CPU
		{50B76E0E-B071-6E55-3147-FA000322F823}.Debug|Any CPU.ActiveCfg = Debug|Any CPU
		{50B76E0E-B071-6E55-3147-FA000322F823}.Debug|Any CPU.Build.0 = Debug|Any CPU
		{50B76E0E-B071-6E55-3147-FA000322F823}.Release|Any CPU.ActiveCfg = Release|Any CPU
		{50B76E0E-B071-6E55-3147-FA000322F823}.Release|Any CPU.Build.0 = Release|Any CPU
	EndGlobalSection
	GlobalSection(SolutionProperties) = preSolution
		HideSolutionNode = FALSE
	EndGlobalSection
EndGlobal
